{
    "name": "学习课程整套模板页",
    "version": "1.0.10",
    "lockfileVersion": 1,
    "requires": true,
    "dependencies": {
        "cl-uni": {
            "version": "1.8.8",
            "resolved": "https://registry.npmjs.org/cl-uni/-/cl-uni-1.8.8.tgz",
            "integrity": "sha512-mDYjol0mP8rCCkrFnnrrRxn37PI4mHxUjWbrPnOeJTmyfoUsGXAqdlKakfTkqUWjA/MnHcnk9l/97iabk1abDg=="
        }
    }
}
