# THIS IS AN AUTOGENERATED FILE. DO NOT EDIT THIS FILE DIRECTLY.
# yarn lockfile v1


cl-uni@^1.8.8:
  version "1.8.8"
  resolved "https://registry.nlark.com/cl-uni/download/cl-uni-1.8.8.tgz?cache=0&sync_timestamp=1620723636620&other_urls=https%3A%2F%2Fregistry.nlark.com%2Fcl-uni%2Fdownload%2Fcl-uni-1.8.8.tgz#1c544bc8f2fd4cbc3e28e0152cc6b8f6d146a3f1"
  integrity sha1-HFRLyPL9TLw+KOAVLMa49tFGo/E=
